// !$*UTF8*$!
{
	archiveVersion = 1;
	classes = {
	};
	objectVersion = 48;
	objects = {

/* Begin PBXBuildFile section */
		029A374CB1C4DBFEAC9A0795 /* Pods_spending3UITests.framework in Frameworks */ = {isa = PBXBuildFile; fileRef = 0709B9841D1056EA809FF8CC /* Pods_spending3UITests.framework */; };
		263D173031860DA2CEF30D43 /* Pods_spending3.framework in Frameworks */ = {isa = PBXBuildFile; fileRef = 644AD725257D9E6BCCDFEF95 /* Pods_spending3.framework */; };
		39F4C1AABAC76AEA348852C1 /* Pods_spending3Tests.framework in Frameworks */ = {isa = PBXBuildFile; fileRef = F054344DD78647C860094B65 /* Pods_spending3Tests.framework */; };
		BC19D78F2026AE9A00F32DE2 /* AppDelegate.swift in Sources */ = {isa = PBXBuildFile; fileRef = BC19D78E2026AE9A00F32DE2 /* AppDelegate.swift */; };
		BC19D7912026AE9A00F32DE2 /* ViewController.swift in Sources */ = {isa = PBXBuildFile; fileRef = BC19D7902026AE9A00F32DE2 /* ViewController.swift */; };
		BC19D7942026AE9A00F32DE2 /* Main.storyboard in Resources */ = {isa = PBXBuildFile; fileRef = BC19D7922026AE9A00F32DE2 /* Main.storyboard */; };
		BC19D7962026AE9A00F32DE2 /* Assets.xcassets in Resources */ = {isa = PBXBuildFile; fileRef = BC19D7952026AE9A00F32DE2 /* Assets.xcassets */; };
		BC19D7992026AE9A00F32DE2 /* LaunchScreen.storyboard in Resources */ = {isa = PBXBuildFile; fileRef = BC19D7972026AE9A00F32DE2 /* LaunchScreen.storyboard */; };
		BC19D7A42026AE9A00F32DE2 /* spending3Tests.swift in Sources */ = {isa = PBXBuildFile; fileRef = BC19D7A32026AE9A00F32DE2 /* spending3Tests.swift */; };
		BC19D7AF2026AE9B00F32DE2 /* spending3UITests.swift in Sources */ = {isa = PBXBuildFile; fileRef = BC19D7AE2026AE9B00F32DE2 /* spending3UITests.swift */; };
		BC19D7DB2026D31400F32DE2 /* ViewController2.swift in Sources */ = {isa = PBXBuildFile; fileRef = BC19D7DA2026D31400F32DE2 /* ViewController2.swift */; };
/* End PBXBuildFile section */

/* Begin PBXContainerItemProxy section */
		BC19D7A02026AE9A00F32DE2 /* PBXContainerItemProxy */ = {
			isa = PBXContainerItemProxy;
			containerPortal = BC19D7832026AE9A00F32DE2 /* Project object */;
			proxyType = 1;
			remoteGlobalIDString = BC19D78A2026AE9A00F32DE2;
			remoteInfo = spending3;
		};
		BC19D7AB2026AE9B00F32DE2 /* PBXContainerItemProxy */ = {
			isa = PBXContainerItemProxy;
			containerPortal = BC19D7832026AE9A00F32DE2 /* Project object */;
			proxyType = 1;
			remoteGlobalIDString = BC19D78A2026AE9A00F32DE2;
			remoteInfo = spending3;
		};
/* End PBXContainerItemProxy section */

/* Begin PBXFileReference section */
		0709B9841D1056EA809FF8CC /* Pods_spending3UITests.framework */ = {isa = PBXFileReference; explicitFileType = wrapper.framework; includeInIndex = 0; path = Pods_spending3UITests.framework; sourceTree = BUILT_PRODUCTS_DIR; };
		2735B30FFDF9DEED80EE2304 /* Pods-spending3Tests.release.xcconfig */ = {isa = PBXFileReference; includeInIndex = 1; lastKnownFileType = text.xcconfig; name = "Pods-spending3Tests.release.xcconfig"; path = "Pods/Target Support Files/Pods-spending3Tests/Pods-spending3Tests.release.xcconfig"; sourceTree = "<group>"; };
		34CF081CD66E1248334B377D /* Pods-spending3Tests.debug.xcconfig */ = {isa = PBXFileReference; includeInIndex = 1; lastKnownFileType = text.xcconfig; name = "Pods-spending3Tests.debug.xcconfig"; path = "Pods/Target Support Files/Pods-spending3Tests/Pods-spending3Tests.debug.xcconfig"; sourceTree = "<group>"; };
		55FCDF24BA6AF34CE96EC18B /* Pods-spending3.debug.xcconfig */ = {isa = PBXFileReference; includeInIndex = 1; lastKnownFileType = text.xcconfig; name = "Pods-spending3.debug.xcconfig"; path = "Pods/Target Support Files/Pods-spending3/Pods-spending3.debug.xcconfig"; sourceTree = "<group>"; };
		644AD725257D9E6BCCDFEF95 /* Pods_spending3.framework */ = {isa = PBXFileReference; explicitFileType = wrapper.framework; includeInIndex = 0; path = Pods_spending3.framework; sourceTree = BUILT_PRODUCTS_DIR; };
		7694AFF2DAA9D69413865BA2 /* Pods-spending3UITests.debug.xcconfig */ = {isa = PBXFileReference; includeInIndex = 1; lastKnownFileType = text.xcconfig; name = "Pods-spending3UITests.debug.xcconfig"; path = "Pods/Target Support Files/Pods-spending3UITests/Pods-spending3UITests.debug.xcconfig"; sourceTree = "<group>"; };
		BC19D78B2026AE9A00F32DE2 /* spending3.app */ = {isa = PBXFileReference; explicitFileType = wrapper.application; includeInIndex = 0; path = spending3.app; sourceTree = BUILT_PRODUCTS_DIR; };
		BC19D78E2026AE9A00F32DE2 /* AppDelegate.swift */ = {isa = PBXFileReference; lastKnownFileType = sourcecode.swift; path = AppDelegate.swift; sourceTree = "<group>"; };
		BC19D7902026AE9A00F32DE2 /* ViewController.swift */ = {isa = PBXFileReference; lastKnownFileType = sourcecode.swift; path = ViewController.swift; sourceTree = "<group>"; };
		BC19D7932026AE9A00F32DE2 /* Base */ = {isa = PBXFileReference; lastKnownFileType = file.storyboard; name = Base; path = Base.lproj/Main.storyboard; sourceTree = "<group>"; };
		BC19D7952026AE9A00F32DE2 /* Assets.xcassets */ = {isa = PBXFileReference; lastKnownFileType = folder.assetcatalog; path = Assets.xcassets; sourceTree = "<group>"; };
		BC19D7982026AE9A00F32DE2 /* Base */ = {isa = PBXFileReference; lastKnownFileType = file.storyboard; name = Base; path = Base.lproj/LaunchScreen.storyboard; sourceTree = "<group>"; };
		BC19D79A2026AE9A00F32DE2 /* Info.plist */ = {isa = PBXFileReference; lastKnownFileType = text.plist.xml; path = Info.plist; sourceTree = "<group>"; };
		BC19D79F2026AE9A00F32DE2 /* spending3Tests.xctest */ = {isa = PBXFileReference; explicitFileType = wrapper.cfbundle; includeInIndex = 0; path = spending3Tests.xctest; sourceTree = BUILT_PRODUCTS_DIR; };
		BC19D7A32026AE9A00F32DE2 /* spending3Tests.swift */ = {isa = PBXFileReference; lastKnownFileType = sourcecode.swift; path = spending3Tests.swift; sourceTree = "<group>"; };
		BC19D7A52026AE9A00F32DE2 /* Info.plist */ = {isa = PBXFileReference; lastKnownFileType = text.plist.xml; path = Info.plist; sourceTree = "<group>"; };
		BC19D7AA2026AE9A00F32DE2 /* spending3UITests.xctest */ = {isa = PBXFileReference; explicitFileType = wrapper.cfbundle; includeInIndex = 0; path = spending3UITests.xctest; sourceTree = BUILT_PRODUCTS_DIR; };
		BC19D7AE2026AE9B00F32DE2 /* spending3UITests.swift */ = {isa = PBXFileReference; lastKnownFileType = sourcecode.swift; path = spending3UITests.swift; sourceTree = "<group>"; };
		BC19D7B02026AE9B00F32DE2 /* Info.plist */ = {isa = PBXFileReference; lastKnownFileType = text.plist.xml; path = Info.plist; sourceTree = "<group>"; };
		BC19D7DA2026D31400F32DE2 /* ViewController2.swift */ = {isa = PBXFileReference; lastKnownFileType = sourcecode.swift; path = ViewController2.swift; sourceTree = "<group>"; };
		E9795DE1253C58D491AA9EFC /* Pods-spending3UITests.release.xcconfig */ = {isa = PBXFileReference; includeInIndex = 1; lastKnownFileType = text.xcconfig; name = "Pods-spending3UITests.release.xcconfig"; path = "Pods/Target Support Files/Pods-spending3UITests/Pods-spending3UITests.release.xcconfig"; sourceTree = "<group>"; };
		EC5814FD2F5DCD1414B3D9C9 /* Pods-spending3.release.xcconfig */ = {isa = PBXFileReference; includeInIndex = 1; lastKnownFileType = text.xcconfig; name = "Pods-spending3.release.xcconfig"; path = "Pods/Target Support Files/Pods-spending3/Pods-spending3.release.xcconfig"; sourceTree = "<group>"; };
		F054344DD78647C860094B65 /* Pods_spending3Tests.framework */ = {isa = PBXFileReference; explicitFileType = wrapper.framework; includeInIndex = 0; path = Pods_spending3Tests.framework; sourceTree = BUILT_PRODUCTS_DIR; };
/* End PBXFileReference section */

/* Begin PBXFrameworksBuildPhase section */
		BC19D7882026AE9A00F32DE2 /* Frameworks */ = {
			isa = PBXFrameworksBuildPhase;
			buildActionMask = 2147483647;
			files = (
				263D173031860DA2CEF30D43 /* Pods_spending3.framework in Frameworks */,
			);
			runOnlyForDeploymentPostprocessing = 0;
		};
		BC19D79C2026AE9A00F32DE2 /* Frameworks */ = {
			isa = PBXFrameworksBuildPhase;
			buildActionMask = 2147483647;
			files = (
				39F4C1AABAC76AEA348852C1 /* Pods_spending3Tests.framework in Frameworks */,
			);
			runOnlyForDeploymentPostprocessing = 0;
		};
		BC19D7A72026AE9A00F32DE2 /* Frameworks */ = {
			isa = PBXFrameworksBuildPhase;
			buildActionMask = 2147483647;
			files = (
				029A374CB1C4DBFEAC9A0795 /* Pods_spending3UITests.framework in Frameworks */,
			);
			runOnlyForDeploymentPostprocessing = 0;
		};
/* End PBXFrameworksBuildPhase section */

/* Begin PBXGroup section */
		A1D85A05A09C8BE45D3AB306 /* Pods */ = {
			isa = PBXGroup;
			children = (
				55FCDF24BA6AF34CE96EC18B /* Pods-spending3.debug.xcconfig */,
				EC5814FD2F5DCD1414B3D9C9 /* Pods-spending3.release.xcconfig */,
				34CF081CD66E1248334B377D /* Pods-spending3Tests.debug.xcconfig */,
				2735B30FFDF9DEED80EE2304 /* Pods-spending3Tests.release.xcconfig */,
				7694AFF2DAA9D69413865BA2 /* Pods-spending3UITests.debug.xcconfig */,
				E9795DE1253C58D491AA9EFC /* Pods-spending3UITests.release.xcconfig */,
			);
			name = Pods;
			sourceTree = "<group>";
		};
		BC19D7822026AE9A00F32DE2 = {
			isa = PBXGroup;
			children = (
				BC19D78D2026AE9A00F32DE2 /* spending3 */,
				BC19D7A22026AE9A00F32DE2 /* spending3Tests */,
				BC19D7AD2026AE9B00F32DE2 /* spending3UITests */,
				BC19D78C2026AE9A00F32DE2 /* Products */,
				A1D85A05A09C8BE45D3AB306 /* Pods */,
				D272CF8D72484815B8B8F9DA /* Frameworks */,
			);
			sourceTree = "<group>";
		};
		BC19D78C2026AE9A00F32DE2 /* Products */ = {
			isa = PBXGroup;
			children = (
				BC19D78B2026AE9A00F32DE2 /* spending3.app */,
				BC19D79F2026AE9A00F32DE2 /* spending3Tests.xctest */,
				BC19D7AA2026AE9A00F32DE2 /* spending3UITests.xctest */,
			);
			name = Products;
			sourceTree = "<group>";
		};
		BC19D78D2026AE9A00F32DE2 /* spending3 */ = {
			isa = PBXGroup;
			children = (
				BC19D78E2026AE9A00F32DE2 /* AppDelegate.swift */,
				BC19D7902026AE9A00F32DE2 /* ViewController.swift */,
				BC19D7DA2026D31400F32DE2 /* ViewController2.swift */,
				BC19D7922026AE9A00F32DE2 /* Main.storyboard */,
				BC19D7952026AE9A00F32DE2 /* Assets.xcassets */,
				BC19D7972026AE9A00F32DE2 /* LaunchScreen.storyboard */,
				BC19D79A2026AE9A00F32DE2 /* Info.plist */,
			);
			path = spending3;
			sourceTree = "<group>";
		};
		BC19D7A22026AE9A00F32DE2 /* spending3Tests */ = {
			isa = PBXGroup;
			children = (
				BC19D7A32026AE9A00F32DE2 /* spending3Tests.swift */,
				BC19D7A52026AE9A00F32DE2 /* Info.plist */,
			);
			path = spending3Tests;
			sourceTree = "<group>";
		};
		BC19D7AD2026AE9B00F32DE2 /* spending3UITests */ = {
			isa = PBXGroup;
			children = (
				BC19D7AE2026AE9B00F32DE2 /* spending3UITests.swift */,
				BC19D7B02026AE9B00F32DE2 /* Info.plist */,
			);
			path = spending3UITests;
			sourceTree = "<group>";
		};
		D272CF8D72484815B8B8F9DA /* Frameworks */ = {
			isa = PBXGroup;
			children = (
				644AD725257D9E6BCCDFEF95 /* Pods_spending3.framework */,
				F054344DD78647C860094B65 /* Pods_spending3Tests.framework */,
				0709B9841D1056EA809FF8CC /* Pods_spending3UITests.framework */,
			);
			name = Frameworks;
			sourceTree = "<group>";
		};
/* End PBXGroup section */

/* Begin PBXNativeTarget section */
		BC19D78A2026AE9A00F32DE2 /* spending3 */ = {
			isa = PBXNativeTarget;
			buildConfigurationList = BC19D7B32026AE9B00F32DE2 /* Build configuration list for PBXNativeTarget "spending3" */;
			buildPhases = (
				567CE8972574DBE93A62B4D2 /* [CP] Check Pods Manifest.lock */,
				BC19D7872026AE9A00F32DE2 /* Sources */,
				BC19D7882026AE9A00F32DE2 /* Frameworks */,
				BC19D7892026AE9A00F32DE2 /* Resources */,
				7FEC4468CEF51B7D8982B102 /* [CP] Embed Pods Frameworks */,
				D8B9096F4C617B61D7BA8501 /* [CP] Copy Pods Resources */,
			);
			buildRules = (
			);
			dependencies = (
			);
			name = spending3;
			productName = spending3;
			productReference = BC19D78B2026AE9A00F32DE2 /* spending3.app */;
			productType = "com.apple.product-type.application";
		};
		BC19D79E2026AE9A00F32DE2 /* spending3Tests */ = {
			isa = PBXNativeTarget;
			buildConfigurationList = BC19D7B62026AE9B00F32DE2 /* Build configuration list for PBXNativeTarget "spending3Tests" */;
			buildPhases = (
				052572BD0B5771988C40F9BB /* [CP] Check Pods Manifest.lock */,
				BC19D79B2026AE9A00F32DE2 /* Sources */,
				BC19D79C2026AE9A00F32DE2 /* Frameworks */,
				BC19D79D2026AE9A00F32DE2 /* Resources */,
				FD75B3BC4DD0376E5F7AA5BD /* [CP] Embed Pods Frameworks */,
				A84E270209BF23F5BE85D00C /* [CP] Copy Pods Resources */,
			);
			buildRules = (
			);
			dependencies = (
				BC19D7A12026AE9A00F32DE2 /* PBXTargetDependency */,
			);
			name = spending3Tests;
			productName = spending3Tests;
			productReference = BC19D79F2026AE9A00F32DE2 /* spending3Tests.xctest */;
			productType = "com.apple.product-type.bundle.unit-test";
		};
		BC19D7A92026AE9A00F32DE2 /* spending3UITests */ = {
			isa = PBXNativeTarget;
			buildConfigurationList = BC19D7B92026AE9B00F32DE2 /* Build configuration list for PBXNativeTarget "spending3UITests" */;
			buildPhases = (
				3C48D2C13038C66C9E63C6D6 /* [CP] Check Pods Manifest.lock */,
				BC19D7A62026AE9A00F32DE2 /* Sources */,
				BC19D7A72026AE9A00F32DE2 /* Frameworks */,
				BC19D7A82026AE9A00F32DE2 /* Resources */,
				1563D739A6EE137AA67DF85E /* [CP] Embed Pods Frameworks */,
				E56A5260462BE50D09BFF289 /* [CP] Copy Pods Resources */,
			);
			buildRules = (
			);
			dependencies = (
				BC19D7AC2026AE9B00F32DE2 /* PBXTargetDependency */,
			);
			name = spending3UITests;
			productName = spending3UITests;
			productReference = BC19D7AA2026AE9A00F32DE2 /* spending3UITests.xctest */;
			productType = "com.apple.product-type.bundle.ui-testing";
		};
/* End PBXNativeTarget section */

/* Begin PBXProject section */
		BC19D7832026AE9A00F32DE2 /* Project object */ = {
			isa = PBXProject;
			attributes = {
				LastSwiftUpdateCheck = 0920;
				LastUpgradeCheck = 0920;
				ORGANIZATIONNAME = "R nD";
				TargetAttributes = {
					BC19D78A2026AE9A00F32DE2 = {
						CreatedOnToolsVersion = 9.2;
						ProvisioningStyle = Automatic;
					};
					BC19D79E2026AE9A00F32DE2 = {
						CreatedOnToolsVersion = 9.2;
						ProvisioningStyle = Automatic;
						TestTargetID = BC19D78A2026AE9A00F32DE2;
					};
					BC19D7A92026AE9A00F32DE2 = {
						CreatedOnToolsVersion = 9.2;
						ProvisioningStyle = Automatic;
						TestTargetID = BC19D78A2026AE9A00F32DE2;
					};
				};
			};
			buildConfigurationList = BC19D7862026AE9A00F32DE2 /* Build configuration list for PBXProject "spending3" */;
			compatibilityVersion = "Xcode 8.0";
			developmentRegion = en;
			hasScannedForEncodings = 0;
			knownRegions = (
				en,
				Base,
			);
			mainGroup = BC19D7822026AE9A00F32DE2;
			productRefGroup = BC19D78C2026AE9A00F32DE2 /* Products */;
			projectDirPath = "";
			projectRoot = "";
			targets = (
				BC19D78A2026AE9A00F32DE2 /* spending3 */,
				BC19D79E2026AE9A00F32DE2 /* spending3Tests */,
				BC19D7A92026AE9A00F32DE2 /* spending3UITests */,
			);
		};
/* End PBXProject section */

/* Begin PBXResourcesBuildPhase section */
		BC19D7892026AE9A00F32DE2 /* Resources */ = {
			isa = PBXResourcesBuildPhase;
			buildActionMask = 2147483647;
			files = (
				BC19D7992026AE9A00F32DE2 /* LaunchScreen.storyboard in Resources */,
				BC19D7962026AE9A00F32DE2 /* Assets.xcassets in Resources */,
				BC19D7942026AE9A00F32DE2 /* Main.storyboard in Resources */,
			);
			runOnlyForDeploymentPostprocessing = 0;
		};
		BC19D79D2026AE9A00F32DE2 /* Resources */ = {
			isa = PBXResourcesBuildPhase;
			buildActionMask = 2147483647;
			files = (
			);
			runOnlyForDeploymentPostprocessing = 0;
		};
		BC19D7A82026AE9A00F32DE2 /* Resources */ = {
			isa = PBXResourcesBuildPhase;
			buildActionMask = 2147483647;
			files = (
			);
			runOnlyForDeploymentPostprocessing = 0;
		};
/* End PBXResourcesBuildPhase section */

/* Begin PBXShellScriptBuildPhase section */
		052572BD0B5771988C40F9BB /* [CP] Check Pods Manifest.lock */ = {
			isa = PBXShellScriptBuildPhase;
			buildActionMask = 2147483647;
			files = (
			);
			inputPaths = (
				"${PODS_PODFILE_DIR_PATH}/Podfile.lock",
				"${PODS_ROOT}/Manifest.lock",
			);
			name = "[CP] Check Pods Manifest.lock";
			outputPaths = (
				"$(DERIVED_FILE_DIR)/Pods-spending3Tests-checkManifestLockResult.txt",
			);
			runOnlyForDeploymentPostprocessing = 0;
			shellPath = /bin/sh;
			shellScript = "diff \"${PODS_PODFILE_DIR_PATH}/Podfile.lock\" \"${PODS_ROOT}/Manifest.lock\" > /dev/null\nif [ $? != 0 ] ; then\n    # print error to STDERR\n    echo \"error: The sandbox is not in sync with the Podfile.lock. Run 'pod install' or update your CocoaPods installation.\" >&2\n    exit 1\nfi\n# This output is used by Xcode 'outputs' to avoid re-running this script phase.\necho \"SUCCESS\" > \"${SCRIPT_OUTPUT_FILE_0}\"\n";
			showEnvVarsInLog = 0;
		};
		1563D739A6EE137AA67DF85E /* [CP] Embed Pods Frameworks */ = {
			isa = PBXShellScriptBuildPhase;
			buildActionMask = 2147483647;
			files = (
			);
			inputPaths = (
			);
			name = "[CP] Embed Pods Frameworks";
			outputPaths = (
			);
			runOnlyForDeploymentPostprocessing = 0;
			shellPath = /bin/sh;
			shellScript = "\"${SRCROOT}/Pods/Target Support Files/Pods-spending3UITests/Pods-spending3UITests-frameworks.sh\"\n";
			showEnvVarsInLog = 0;
		};
		3C48D2C13038C66C9E63C6D6 /* [CP] Check Pods Manifest.lock */ = {
			isa = PBXShellScriptBuildPhase;
			buildActionMask = 2147483647;
			files = (
			);
			inputPaths = (
				"${PODS_PODFILE_DIR_PATH}/Podfile.lock",
				"${PODS_ROOT}/Manifest.lock",
			);
			name = "[CP] Check Pods Manifest.lock";
			outputPaths = (
				"$(DERIVED_FILE_DIR)/Pods-spending3UITests-checkManifestLockResult.txt",
			);
			runOnlyForDeploymentPostprocessing = 0;
			shellPath = /bin/sh;
			shellScript = "diff \"${PODS_PODFILE_DIR_PATH}/Podfile.lock\" \"${PODS_ROOT}/Manifest.lock\" > /dev/null\nif [ $? != 0 ] ; then\n    # print error to STDERR\n    echo \"error: The sandbox is not in sync with the Podfile.lock. Run 'pod install' or update your CocoaPods installation.\" >&2\n    exit 1\nfi\n# This output is used by Xcode 'outputs' to avoid re-running this script phase.\necho \"SUCCESS\" > \"${SCRIPT_OUTPUT_FILE_0}\"\n";
			showEnvVarsInLog = 0;
		};
		567CE8972574DBE93A62B4D2 /* [CP] Check Pods Manifest.lock */ = {
			isa = PBXShellScriptBuildPhase;
			buildActionMask = 2147483647;
			files = (
			);
			inputPaths = (
				"${PODS_PODFILE_DIR_PATH}/Podfile.lock",
				"${PODS_ROOT}/Manifest.lock",
			);
			name = "[CP] Check Pods Manifest.lock";
			outputPaths = (
				"$(DERIVED_FILE_DIR)/Pods-spending3-checkManifestLockResult.txt",
			);
			runOnlyForDeploymentPostprocessing = 0;
			shellPath = /bin/sh;
			shellScript = "diff \"${PODS_PODFILE_DIR_PATH}/Podfile.lock\" \"${PODS_ROOT}/Manifest.lock\" > /dev/null\nif [ $? != 0 ] ; then\n    # print error to STDERR\n    echo \"error: The sandbox is not in sync with the Podfile.lock. Run 'pod install' or update your CocoaPods installation.\" >&2\n    exit 1\nfi\n# This output is used by Xcode 'outputs' to avoid re-running this script phase.\necho \"SUCCESS\" > \"${SCRIPT_OUTPUT_FILE_0}\"\n";
			showEnvVarsInLog = 0;
		};
		7FEC4468CEF51B7D8982B102 /* [CP] Embed Pods Frameworks */ = {
			isa = PBXShellScriptBuildPhase;
			buildActionMask = 2147483647;
			files = (
			);
			inputPaths = (
				"${SRCROOT}/Pods/Target Support Files/Pods-spending3/Pods-spending3-frameworks.sh",
				"${BUILT_PRODUCTS_DIR}/Charts/Charts.framework",
				"${BUILT_PRODUCTS_DIR}/ChartsRealm/ChartsRealm.framework",
				"${BUILT_PRODUCTS_DIR}/Realm/Realm.framework",
				"${BUILT_PRODUCTS_DIR}/RealmSwift/RealmSwift.framework",
			);
			name = "[CP] Embed Pods Frameworks";
			outputPaths = (
				"${TARGET_BUILD_DIR}/${FRAMEWORKS_FOLDER_PATH}/Charts.framework",
				"${TARGET_BUILD_DIR}/${FRAMEWORKS_FOLDER_PATH}/ChartsRealm.framework",
				"${TARGET_BUILD_DIR}/${FRAMEWORKS_FOLDER_PATH}/Realm.framework",
				"${TARGET_BUILD_DIR}/${FRAMEWORKS_FOLDER_PATH}/RealmSwift.framework",
			);
			runOnlyForDeploymentPostprocessing = 0;
			shellPath = /bin/sh;
			shellScript = "\"${SRCROOT}/Pods/Target Support Files/Pods-spending3/Pods-spending3-frameworks.sh\"\n";
			showEnvVarsInLog = 0;
		};
		A84E270209BF23F5BE85D00C /* [CP] Copy Pods Resources */ = {
			isa = PBXShellScriptBuildPhase;
			buildActionMask = 2147483647;
			files = (
			);
			inputPaths = (
			);
			name = "[CP] Copy Pods Resources";
			outputPaths = (
			);
			runOnlyForDeploymentPostprocessing = 0;
			shellPath = /bin/sh;
			shellScript = "\"${SRCROOT}/Pods/Target Support Files/Pods-spending3Tests/Pods-spending3Tests-resources.sh\"\n";
			showEnvVarsInLog = 0;
		};
		D8B9096F4C617B61D7BA8501 /* [CP] Copy Pods Resources */ = {
			isa = PBXShellScriptBuildPhase;
			buildActionMask = 2147483647;
			files = (
			);
			inputPaths = (
			);
			name = "[CP] Copy Pods Resources";
			outputPaths = (
			);
			runOnlyForDeploymentPostprocessing = 0;
			shellPath = /bin/sh;
			shellScript = "\"${SRCROOT}/Pods/Target Support Files/Pods-spending3/Pods-spending3-resources.sh\"\n";
			showEnvVarsInLog = 0;
		};
		E56A5260462BE50D09BFF289 /* [CP] Copy Pods Resources */ = {
			isa = PBXShellScriptBuildPhase;
			buildActionMask = 2147483647;
			files = (
			);
			inputPaths = (
			);
			name = "[CP] Copy Pods Resources";
			outputPaths = (
			);
			runOnlyForDeploymentPostprocessing = 0;
			shellPath = /bin/sh;
			shellScript = "\"${SRCROOT}/Pods/Target Support Files/Pods-spending3UITests/Pods-spending3UITests-resources.sh\"\n";
			showEnvVarsInLog = 0;
		};
		FD75B3BC4DD0376E5F7AA5BD /* [CP] Embed Pods Frameworks */ = {
			isa = PBXShellScriptBuildPhase;
			buildActionMask = 2147483647;
			files = (
			);
			inputPaths = (
			);
			name = "[CP] Embed Pods Frameworks";
			outputPaths = (
			);
			runOnlyForDeploymentPostprocessing = 0;
			shellPath = /bin/sh;
			shellScript = "\"${SRCROOT}/Pods/Target Support Files/Pods-spending3Tests/Pods-spending3Tests-frameworks.sh\"\n";
			showEnvVarsInLog = 0;
		};
/* End PBXShellScriptBuildPhase section */

/* Begin PBXSourcesBuildPhase section */
		BC19D7872026AE9A00F32DE2 /* Sources */ = {
			isa = PBXSourcesBuildPhase;
			buildActionMask = 2147483647;
			files = (
				BC19D7912026AE9A00F32DE2 /* ViewController.swift in Sources */,
				BC19D78F2026AE9A00F32DE2 /* AppDelegate.swift in Sources */,
				BC19D7DB2026D31400F32DE2 /* ViewController2.swift in Sources */,
			);
			runOnlyForDeploymentPostprocessing = 0;
		};
		BC19D79B2026AE9A00F32DE2 /* Sources */ = {
			isa = PBXSourcesBuildPhase;
			buildActionMask = 2147483647;
			files = (
				BC19D7A42026AE9A00F32DE2 /* spending3Tests.swift in Sources */,
			);
			runOnlyForDeploymentPostprocessing = 0;
		};
		BC19D7A62026AE9A00F32DE2 /* Sources */ = {
			isa = PBXSourcesBuildPhase;
			buildActionMask = 2147483647;
			files = (
				BC19D7AF2026AE9B00F32DE2 /* spending3UITests.swift in Sources */,
			);
			runOnlyForDeploymentPostprocessing = 0;
		};
/* End PBXSourcesBuildPhase section */

/* Begin PBXTargetDependency section */
		BC19D7A12026AE9A00F32DE2 /* PBXTargetDependency */ = {
			isa = PBXTargetDependency;
			target = BC19D78A2026AE9A00F32DE2 /* spending3 */;
			targetProxy = BC19D7A02026AE9A00F32DE2 /* PBXContainerItemProxy */;
		};
		BC19D7AC2026AE9B00F32DE2 /* PBXTargetDependency */ = {
			isa = PBXTargetDependency;
			target = BC19D78A2026AE9A00F32DE2 /* spending3 */;
			targetProxy = BC19D7AB2026AE9B00F32DE2 /* PBXContainerItemProxy */;
		};
/* End PBXTargetDependency section */

/* Begin PBXVariantGroup section */
		BC19D7922026AE9A00F32DE2 /* Main.storyboard */ = {
			isa = PBXVariantGroup;
			children = (
				BC19D7932026AE9A00F32DE2 /* Base */,
			);
			name = Main.storyboard;
			sourceTree = "<group>";
		};
		BC19D7972026AE9A00F32DE2 /* LaunchScreen.storyboard */ = {
			isa = PBXVariantGroup;
			children = (
				BC19D7982026AE9A00F32DE2 /* Base */,
			);
			name = LaunchScreen.storyboard;
			sourceTree = "<group>";
		};
/* End PBXVariantGroup section */

/* Begin XCBuildConfiguration section */
		BC19D7B12026AE9B00F32DE2 /* Debug */ = {
			isa = XCBuildConfiguration;
			buildSettings = {
				ALWAYS_SEARCH_USER_PATHS = NO;
				CLANG_ANALYZER_NONNULL = YES;
				CLANG_ANALYZER_NUMBER_OBJECT_CONVERSION = YES_AGGRESSIVE;
				CLANG_CXX_LANGUAGE_STANDARD = "gnu++14";
				CLANG_CXX_LIBRARY = "libc++";
				CLANG_ENABLE_MODULES = YES;
				CLANG_ENABLE_OBJC_ARC = YES;
				CLANG_WARN_BLOCK_CAPTURE_AUTORELEASING = YES;
				CLANG_WARN_BOOL_CONVERSION = YES;
				CLANG_WARN_COMMA = YES;
				CLANG_WARN_CONSTANT_CONVERSION = YES;
				CLANG_WARN_DIRECT_OBJC_ISA_USAGE = YES_ERROR;
				CLANG_WARN_DOCUMENTATION_COMMENTS = YES;
				CLANG_WARN_EMPTY_BODY = YES;
				CLANG_WARN_ENUM_CONVERSION = YES;
				CLANG_WARN_INFINITE_RECURSION = YES;
				CLANG_WARN_INT_CONVERSION = YES;
				CLANG_WARN_NON_LITERAL_NULL_CONVERSION = YES;
				CLANG_WARN_OBJC_LITERAL_CONVERSION = YES;
				CLANG_WARN_OBJC_ROOT_CLASS = YES_ERROR;
				CLANG_WARN_RANGE_LOOP_ANALYSIS = YES;
				CLANG_WARN_STRICT_PROTOTYPES = YES;
				CLANG_WARN_SUSPICIOUS_MOVE = YES;
				CLANG_WARN_UNGUARDED_AVAILABILITY = YES_AGGRESSIVE;
				CLANG_WARN_UNREACHABLE_CODE = YES;
				CLANG_WARN__DUPLICATE_METHOD_MATCH = YES;
				CODE_SIGN_IDENTITY = "iPhone Developer";
				COPY_PHASE_STRIP = NO;
				DEBUG_INFORMATION_FORMAT = dwarf;
				ENABLE_STRICT_OBJC_MSGSEND = YES;
				ENABLE_TESTABILITY = YES;
				GCC_C_LANGUAGE_STANDARD = gnu11;
				GCC_DYNAMIC_NO_PIC = NO;
				GCC_NO_COMMON_BLOCKS = YES;
				GCC_OPTIMIZATION_LEVEL = 0;
				GCC_PREPROCESSOR_DEFINITIONS = (
					"DEBUG=1",
					"$(inherited)",
				);
				GCC_WARN_64_TO_32_BIT_CONVERSION = YES;
				GCC_WARN_ABOUT_RETURN_TYPE = YES_ERROR;
				GCC_WARN_UNDECLARED_SELECTOR = YES;
				GCC_WARN_UNINITIALIZED_AUTOS = YES_AGGRESSIVE;
				GCC_WARN_UNUSED_FUNCTION = YES;
				GCC_WARN_UNUSED_VARIABLE = YES;
				IPHONEOS_DEPLOYMENT_TARGET = 11.2;
				MTL_ENABLE_DEBUG_INFO = YES;
				ONLY_ACTIVE_ARCH = YES;
				SDKROOT = iphoneos;
				SWIFT_ACTIVE_COMPILATION_CONDITIONS = DEBUG;
				SWIFT_OPTIMIZATION_LEVEL = "-Onone";
			};
			name = Debug;
		};
		BC19D7B22026AE9B00F32DE2 /* Release */ = {
			isa = XCBuildConfiguration;
			buildSettings = {
				ALWAYS_SEARCH_USER_PATHS = NO;
				CLANG_ANALYZER_NONNULL = YES;
				CLANG_ANALYZER_NUMBER_OBJECT_CONVERSION = YES_AGGRESSIVE;
				CLANG_CXX_LANGUAGE_STANDARD = "gnu++14";
				CLANG_CXX_LIBRARY = "libc++";
				CLANG_ENABLE_MODULES = YES;
				CLANG_ENABLE_OBJC_ARC = YES;
				CLANG_WARN_BLOCK_CAPTURE_AUTORELEASING = YES;
				CLANG_WARN_BOOL_CONVERSION = YES;
				CLANG_WARN_COMMA = YES;
				CLANG_WARN_CONSTANT_CONVERSION = YES;
				CLANG_WARN_DIRECT_OBJC_ISA_USAGE = YES_ERROR;
				CLANG_WARN_DOCUMENTATION_COMMENTS = YES;
				CLANG_WARN_EMPTY_BODY = YES;
				CLANG_WARN_ENUM_CONVERSION = YES;
				CLANG_WARN_INFINITE_RECURSION = YES;
				CLANG_WARN_INT_CONVERSION = YES;
				CLANG_WARN_NON_LITERAL_NULL_CONVERSION = YES;
				CLANG_WARN_OBJC_LITERAL_CONVERSION = YES;
				CLANG_WARN_OBJC_ROOT_CLASS = YES_ERROR;
				CLANG_WARN_RANGE_LOOP_ANALYSIS = YES;
				CLANG_WARN_STRICT_PROTOTYPES = YES;
				CLANG_WARN_SUSPICIOUS_MOVE = YES;
				CLANG_WARN_UNGUARDED_AVAILABILITY = YES_AGGRESSIVE;
				CLANG_WARN_UNREACHABLE_CODE = YES;
				CLANG_WARN__DUPLICATE_METHOD_MATCH = YES;
				CODE_SIGN_IDENTITY = "iPhone Developer";
				COPY_PHASE_STRIP = NO;
				DEBUG_INFORMATION_FORMAT = "dwarf-with-dsym";
				ENABLE_NS_ASSERTIONS = NO;
				ENABLE_STRICT_OBJC_MSGSEND = YES;
				GCC_C_LANGUAGE_STANDARD = gnu11;
				GCC_NO_COMMON_BLOCKS = YES;
				GCC_WARN_64_TO_32_BIT_CONVERSION = YES;
				GCC_WARN_ABOUT_RETURN_TYPE = YES_ERROR;
				GCC_WARN_UNDECLARED_SELECTOR = YES;
				GCC_WARN_UNINITIALIZED_AUTOS = YES_AGGRESSIVE;
				GCC_WARN_UNUSED_FUNCTION = YES;
				GCC_WARN_UNUSED_VARIABLE = YES;
				IPHONEOS_DEPLOYMENT_TARGET = 11.2;
				MTL_ENABLE_DEBUG_INFO = NO;
				SDKROOT = iphoneos;
				SWIFT_OPTIMIZATION_LEVEL = "-Owholemodule";
				VALIDATE_PRODUCT = YES;
			};
			name = Release;
		};
		BC19D7B42026AE9B00F32DE2 /* Debug */ = {
			isa = XCBuildConfiguration;
			baseConfigurationReference = 55FCDF24BA6AF34CE96EC18B /* Pods-spending3.debug.xcconfig */;
			buildSettings = {
				ASSETCATALOG_COMPILER_APPICON_NAME = AppIcon;
				CODE_SIGN_STYLE = Automatic;
				DEVELOPMENT_TEAM = KF969L6MWH;
				INFOPLIST_FILE = spending3/Info.plist;
				LD_RUNPATH_SEARCH_PATHS = "$(inherited) @executable_path/Frameworks";
				PRODUCT_BUNDLE_IDENTIFIER = edu.stanford.cs193p.rnd.spending3;
				PRODUCT_NAME = "$(TARGET_NAME)";
				SWIFT_VERSION = 4.0;
				TARGETED_DEVICE_FAMILY = "1,2";
			};
			name = Debug;
		};
		BC19D7B52026AE9B00F32DE2 /* Release */ = {
			isa = XCBuildConfiguration;
			baseConfigurationReference = EC5814FD2F5DCD1414B3D9C9 /* Pods-spending3.release.xcconfig */;
			buildSettings = {
				ASSETCATALOG_COMPILER_APPICON_NAME = AppIcon;
				CODE_SIGN_STYLE = Automatic;
				DEVELOPMENT_TEAM = KF969L6MWH;
				INFOPLIST_FILE = spending3/Info.plist;
				LD_RUNPATH_SEARCH_PATHS = "$(inherited) @executable_path/Frameworks";
				PRODUCT_BUNDLE_IDENTIFIER = edu.stanford.cs193p.rnd.spending3;
				PRODUCT_NAME = "$(TARGET_NAME)";
				SWIFT_VERSION = 4.0;
				TARGETED_DEVICE_FAMILY = "1,2";
			};
			name = Release;
		};
		BC19D7B72026AE9B00F32DE2 /* Debug */ = {
			isa = XCBuildConfiguration;
			baseConfigurationReference = 34CF081CD66E1248334B377D /* Pods-spending3Tests.debug.xcconfig */;
			buildSettings = {
				ALWAYS_EMBED_SWIFT_STANDARD_LIBRARIES = YES;
				BUNDLE_LOADER = "$(TEST_HOST)";
				CODE_SIGN_STYLE = Automatic;
				DEVELOPMENT_TEAM = KF969L6MWH;
				INFOPLIST_FILE = spending3Tests/Info.plist;
				LD_RUNPATH_SEARCH_PATHS = "$(inherited) @executable_path/Frameworks @loader_path/Frameworks";
				PRODUCT_BUNDLE_IDENTIFIER = edu.stanford.cs193p.rnd.spending3Tests;
				PRODUCT_NAME = "$(TARGET_NAME)";
				SWIFT_VERSION = 4.0;
				TARGETED_DEVICE_FAMILY = "1,2";
				TEST_HOST = "$(BUILT_PRODUCTS_DIR)/spending3.app/spending3";
			};
			name = Debug;
		};
		BC19D7B82026AE9B00F32DE2 /* Release */ = {
			isa = XCBuildConfiguration;
			baseConfigurationReference = 2735B30FFDF9DEED80EE2304 /* Pods-spending3Tests.release.xcconfig */;
			buildSettings = {
				ALWAYS_EMBED_SWIFT_STANDARD_LIBRARIES = YES;
				BUNDLE_LOADER = "$(TEST_HOST)";
				CODE_SIGN_STYLE = Automatic;
				DEVELOPMENT_TEAM = KF969L6MWH;
				INFOPLIST_FILE = spending3Tests/Info.plist;
				LD_RUNPATH_SEARCH_PATHS = "$(inherited) @executable_path/Frameworks @loader_path/Frameworks";
				PRODUCT_BUNDLE_IDENTIFIER = edu.stanford.cs193p.rnd.spending3Tests;
				PRODUCT_NAME = "$(TARGET_NAME)";
				SWIFT_VERSION = 4.0;
				TARGETED_DEVICE_FAMILY = "1,2";
				TEST_HOST = "$(BUILT_PRODUCTS_DIR)/spending3.app/spending3";
			};
			name = Release;
		};
		BC19D7BA2026AE9B00F32DE2 /* Debug */ = {
			isa = XCBuildConfiguration;
			baseConfigurationReference = 7694AFF2DAA9D69413865BA2 /* Pods-spending3UITests.debug.xcconfig */;
			buildSettings = {
				ALWAYS_EMBED_SWIFT_STANDARD_LIBRARIES = YES;
				CODE_SIGN_STYLE = Automatic;
				DEVELOPMENT_TEAM = KF969L6MWH;
				INFOPLIST_FILE = spending3UITests/Info.plist;
				LD_RUNPATH_SEARCH_PATHS = "$(inherited) @executable_path/Frameworks @loader_path/Frameworks";
				PRODUCT_BUNDLE_IDENTIFIER = edu.stanford.cs193p.rnd.spending3UITests;
				PRODUCT_NAME = "$(TARGET_NAME)";
				SWIFT_VERSION = 4.0;
				TARGETED_DEVICE_FAMILY = "1,2";
				TEST_TARGET_NAME = spending3;
			};
			name = Debug;
		};
		BC19D7BB2026AE9B00F32DE2 /* Release */ = {
			isa = XCBuildConfiguration;
			baseConfigurationReference = E9795DE1253C58D491AA9EFC /* Pods-spending3UITests.release.xcconfig */;
			buildSettings = {
				ALWAYS_EMBED_SWIFT_STANDARD_LIBRARIES = YES;
				CODE_SIGN_STYLE = Automatic;
				DEVELOPMENT_TEAM = KF969L6MWH;
				INFOPLIST_FILE = spending3UITests/Info.plist;
				LD_RUNPATH_SEARCH_PATHS = "$(inherited) @executable_path/Frameworks @loader_path/Frameworks";
				PRODUCT_BUNDLE_IDENTIFIER = edu.stanford.cs193p.rnd.spending3UITests;
				PRODUCT_NAME = "$(TARGET_NAME)";
				SWIFT_VERSION = 4.0;
				TARGETED_DEVICE_FAMILY = "1,2";
				TEST_TARGET_NAME = spending3;
			};
			name = Release;
		};
/* End XCBuildConfiguration section */

/* Begin XCConfigurationList section */
		BC19D7862026AE9A00F32DE2 /* Build configuration list for PBXProject "spending3" */ = {
			isa = XCConfigurationList;
			buildConfigurations = (
				BC19D7B12026AE9B00F32DE2 /* Debug */,
				BC19D7B22026AE9B00F32DE2 /* Release */,
			);
			defaultConfigurationIsVisible = 0;
			defaultConfigurationName = Release;
		};
		BC19D7B32026AE9B00F32DE2 /* Build configuration list for PBXNativeTarget "spending3" */ = {
			isa = XCConfigurationList;
			buildConfigurations = (
				BC19D7B42026AE9B00F32DE2 /* Debug */,
				BC19D7B52026AE9B00F32DE2 /* Release */,
			);
			defaultConfigurationIsVisible = 0;
			defaultConfigurationName = Release;
		};
		BC19D7B62026AE9B00F32DE2 /* Build configuration list for PBXNativeTarget "spending3Tests" */ = {
			isa = XCConfigurationList;
			buildConfigurations = (
				BC19D7B72026AE9B00F32DE2 /* Debug */,
				BC19D7B82026AE9B00F32DE2 /* Release */,
			);
			defaultConfigurationIsVisible = 0;
			defaultConfigurationName = Release;
		};
		BC19D7B92026AE9B00F32DE2 /* Build configuration list for PBXNativeTarget "spending3UITests" */ = {
			isa = XCConfigurationList;
			buildConfigurations = (
				BC19D7BA2026AE9B00F32DE2 /* Debug */,
				BC19D7BB2026AE9B00F32DE2 /* Release */,
			);
			defaultConfigurationIsVisible = 0;
			defaultConfigurationName = Release;
		};
/* End XCConfigurationList section */
	};
	rootObject = BC19D7832026AE9A00F32DE2 /* Project object */;
}
